
Microsoft Visual Studio Solution File, Format Version 12.00
# Visual Studio Version 16
VisualStudioVersion = 16.0.36631.11
MinimumVisualStudioVersion = 10.0.40219.1
Project("{FAE04EC0-301F-11D3-BF4B-00C04F79EFBC}") = "Окно КИ Переверни фишки", "Окно КИ Переверни фишки\Окно КИ Переверни фишки.csproj", "{0528C4DB-4C27-4E5D-B9C0-7C10B5A8E53E}"
EndProject
Global
	GlobalSection(SolutionConfigurationPlatforms) = preSolution
		Debug|Any CPU = Debug|Any CPU
		Release|Any CPU = Release|Any CPU
	EndGlobalSection
	GlobalSection(ProjectConfigurationPlatforms) = postSolution
		{0528C4DB-4C27-4E5D-B9C0-7C10B5A8E53E}.Debug|Any CPU.ActiveCfg = Debug|Any CPU
		{0528C4DB-4C27-4E5D-B9C0-7C10B5A8E53E}.Debug|Any CPU.Build.0 = Debug|Any CPU
		{0528C4DB-4C27-4E5D-B9C0-7C10B5A8E53E}.Release|Any CPU.ActiveCfg = Release|Any CPU
		{0528C4DB-4C27-4E5D-B9C0-7C10B5A8E53E}.Release|Any CPU.Build.0 = Release|Any CPU
	EndGlobalSection
	GlobalSection(SolutionProperties) = preSolution
		HideSolutionNode = FALSE
	EndGlobalSection
	GlobalSection(ExtensibilityGlobals) = postSolution
		SolutionGuid = {F8355AAF-D91C-4971-A694-39F12A0DA778}
	EndGlobalSection
EndGlobal
